// !$*UTF8*$!
{
	archiveVersion = 1;
	classes = {
	};
	objectVersion = 55;
	objects = {

/* Begin PBXBuildFile section */
		F6277316281C13E300C3DF4B /* CustomTabBar_SwiftUIApp.swift in Sources */ = {isa = PBXBuildFile; fileRef = F6277315281C13E300C3DF4B /* CustomTabBar_SwiftUIApp.swift */; };
		F6277318281C13E300C3DF4B /* ContentView.swift in Sources */ = {isa = PBXBuildFile; fileRef = F6277317281C13E300C3DF4B /* ContentView.swift */; };
		F627731A281C13EB00C3DF4B /* Assets.xcassets in Resources */ = {isa = PBXBuildFile; fileRef = F6277319281C13EB00C3DF4B /* Assets.xcassets */; };
		F627731D281C13EB00C3DF4B /* Preview Assets.xcassets in Resources */ = {isa = PBXBuildFile; fileRef = F627731C281C13EB00C3DF4B /* Preview Assets.xcassets */; };
		F627731F281C13EB00C3DF4B /* Persistence.swift in Sources */ = {isa = PBXBuildFile; fileRef = F627731E281C13EB00C3DF4B /* Persistence.swift */; };
		F6277322281C13EB00C3DF4B /* CustomTabBar_SwiftUI.xcdatamodeld in Sources */ = {isa = PBXBuildFile; fileRef = F6277320281C13EB00C3DF4B /* CustomTabBar_SwiftUI.xcdatamodeld */; };
		F627732A281C1B5B00C3DF4B /* CustomTabBar.swift in Sources */ = {isa = PBXBuildFile; fileRef = F6277329281C1B5B00C3DF4B /* CustomTabBar.swift */; };
		F627732D281C1C4300C3DF4B /* Tab.swift in Sources */ = {isa = PBXBuildFile; fileRef = F627732C281C1C4300C3DF4B /* Tab.swift */; };
/* End PBXBuildFile section */

/* Begin PBXFileReference section */
		F6277312281C13E300C3DF4B /* CustomTabBar_SwiftUI.app */ = {isa = PBXFileReference; explicitFileType = wrapper.application; includeInIndex = 0; path = CustomTabBar_SwiftUI.app; sourceTree = BUILT_PRODUCTS_DIR; };
		F6277315281C13E300C3DF4B /* CustomTabBar_SwiftUIApp.swift */ = {isa = PBXFileReference; lastKnownFileType = sourcecode.swift; path = CustomTabBar_SwiftUIApp.swift; sourceTree = "<group>"; };
		F6277317281C13E300C3DF4B /* ContentView.swift */ = {isa = PBXFileReference; lastKnownFileType = sourcecode.swift; path = ContentView.swift; sourceTree = "<group>"; };
		F6277319281C13EB00C3DF4B /* Assets.xcassets */ = {isa = PBXFileReference; lastKnownFileType = folder.assetcatalog; path = Assets.xcassets; sourceTree = "<group>"; };
		F627731C281C13EB00C3DF4B /* Preview Assets.xcassets */ = {isa = PBXFileReference; lastKnownFileType = folder.assetcatalog; path = "Preview Assets.xcassets"; sourceTree = "<group>"; };
		F627731E281C13EB00C3DF4B /* Persistence.swift */ = {isa = PBXFileReference; lastKnownFileType = sourcecode.swift; path = Persistence.swift; sourceTree = "<group>"; };
		F6277321281C13EB00C3DF4B /* CustomTabBar_SwiftUI.xcdatamodel */ = {isa = PBXFileReference; lastKnownFileType = wrapper.xcdatamodel; path = CustomTabBar_SwiftUI.xcdatamodel; sourceTree = "<group>"; };
		F6277329281C1B5B00C3DF4B /* CustomTabBar.swift */ = {isa = PBXFileReference; lastKnownFileType = sourcecode.swift; path = CustomTabBar.swift; sourceTree = "<group>"; };
		F627732C281C1C4300C3DF4B /* Tab.swift */ = {isa = PBXFileReference; lastKnownFileType = sourcecode.swift; path = Tab.swift; sourceTree = "<group>"; };
/* End PBXFileReference section */

/* Begin PBXFrameworksBuildPhase section */
		F627730F281C13E300C3DF4B /* Frameworks */ = {
			isa = PBXFrameworksBuildPhase;
			buildActionMask = 2147483647;
			files = (
			);
			runOnlyForDeploymentPostprocessing = 0;
		};
/* End PBXFrameworksBuildPhase section */

/* Begin PBXGroup section */
		F6277309281C13E300C3DF4B = {
			isa = PBXGroup;
			children = (
				F6277314281C13E300C3DF4B /* CustomTabBar_SwiftUI */,
				F6277313281C13E300C3DF4B /* Products */,
			);
			sourceTree = "<group>";
		};
		F6277313281C13E300C3DF4B /* Products */ = {
			isa = PBXGroup;
			children = (
				F6277312281C13E300C3DF4B /* CustomTabBar_SwiftUI.app */,
			);
			name = Products;
			sourceTree = "<group>";
		};
		F6277314281C13E300C3DF4B /* CustomTabBar_SwiftUI */ = {
			isa = PBXGroup;
			children = (
				F6277315281C13E300C3DF4B /* CustomTabBar_SwiftUIApp.swift */,
				F627732B281C1C3000C3DF4B /* Model */,
				F6277328281C1B4000C3DF4B /* View */,
				F6277319281C13EB00C3DF4B /* Assets.xcassets */,
				F627731E281C13EB00C3DF4B /* Persistence.swift */,
				F6277320281C13EB00C3DF4B /* CustomTabBar_SwiftUI.xcdatamodeld */,
				F627731B281C13EB00C3DF4B /* Preview Content */,
			);
			path = CustomTabBar_SwiftUI;
			sourceTree = "<group>";
		};
		F627731B281C13EB00C3DF4B /* Preview Content */ = {
			isa = PBXGroup;
			children = (
				F627731C281C13EB00C3DF4B /* Preview Assets.xcassets */,
			);
			path = "Preview Content";
			sourceTree = "<group>";
		};
		F6277328281C1B4000C3DF4B /* View */ = {
			isa = PBXGroup;
			children = (
				F6277317281C13E300C3DF4B /* ContentView.swift */,
				F6277329281C1B5B00C3DF4B /* CustomTabBar.swift */,
			);
			path = View;
			sourceTree = "<group>";
		};
		F627732B281C1C3000C3DF4B /* Model */ = {
			isa = PBXGroup;
			children = (
				F627732C281C1C4300C3DF4B /* Tab.swift */,
			);
			path = Model;
			sourceTree = "<group>";
		};
/* End PBXGroup section */

/* Begin PBXNativeTarget section */
		F6277311281C13E300C3DF4B /* CustomTabBar_SwiftUI */ = {
			isa = PBXNativeTarget;
			buildConfigurationList = F6277325281C13EB00C3DF4B /* Build configuration list for PBXNativeTarget "CustomTabBar_SwiftUI" */;
			buildPhases = (
				F627730E281C13E300C3DF4B /* Sources */,
				F627730F281C13E300C3DF4B /* Frameworks */,
				F6277310281C13E300C3DF4B /* Resources */,
			);
			buildRules = (
			);
			dependencies = (
			);
			name = CustomTabBar_SwiftUI;
			productName = CustomTabBar_SwiftUI;
			productReference = F6277312281C13E300C3DF4B /* CustomTabBar_SwiftUI.app */;
			productType = "com.apple.product-type.application";
		};
/* End PBXNativeTarget section */

/* Begin PBXProject section */
		F627730A281C13E300C3DF4B /* Project object */ = {
			isa = PBXProject;
			attributes = {
				BuildIndependentTargetsInParallel = 1;
				LastSwiftUpdateCheck = 1330;
				LastUpgradeCheck = 1330;
				TargetAttributes = {
					F6277311281C13E300C3DF4B = {
						CreatedOnToolsVersion = 13.3.1;
					};
				};
			};
			buildConfigurationList = F627730D281C13E300C3DF4B /* Build configuration list for PBXProject "CustomTabBar_SwiftUI" */;
			compatibilityVersion = "Xcode 13.0";
			developmentRegion = en;
			hasScannedForEncodings = 0;
			knownRegions = (
				en,
				Base,
			);
			mainGroup = F6277309281C13E300C3DF4B;
			productRefGroup = F6277313281C13E300C3DF4B /* Products */;
			projectDirPath = "";
			projectRoot = "";
			targets = (
				F6277311281C13E300C3DF4B /* CustomTabBar_SwiftUI */,
			);
		};
/* End PBXProject section */

/* Begin PBXResourcesBuildPhase section */
		F6277310281C13E300C3DF4B /* Resources */ = {
			isa = PBXResourcesBuildPhase;
			buildActionMask = 2147483647;
			files = (
				F627731D281C13EB00C3DF4B /* Preview Assets.xcassets in Resources */,
				F627731A281C13EB00C3DF4B /* Assets.xcassets in Resources */,
			);
			runOnlyForDeploymentPostprocessing = 0;
		};
/* End PBXResourcesBuildPhase section */

/* Begin PBXSourcesBuildPhase section */
		F627730E281C13E300C3DF4B /* Sources */ = {
			isa = PBXSourcesBuildPhase;
			buildActionMask = 2147483647;
			files = (
				F627731F281C13EB00C3DF4B /* Persistence.swift in Sources */,
				F627732A281C1B5B00C3DF4B /* CustomTabBar.swift in Sources */,
				F6277318281C13E300C3DF4B /* ContentView.swift in Sources */,
				F627732D281C1C4300C3DF4B /* Tab.swift in Sources */,
				F6277322281C13EB00C3DF4B /* CustomTabBar_SwiftUI.xcdatamodeld in Sources */,
				F6277316281C13E300C3DF4B /* CustomTabBar_SwiftUIApp.swift in Sources */,
			);
			runOnlyForDeploymentPostprocessing = 0;
		};
/* End PBXSourcesBuildPhase section */

/* Begin XCBuildConfiguration section */
		F6277323281C13EB00C3DF4B /* Debug */ = {
			isa = XCBuildConfiguration;
			buildSettings = {
				ALWAYS_SEARCH_USER_PATHS = NO;
				CLANG_ANALYZER_NONNULL = YES;
				CLANG_ANALYZER_NUMBER_OBJECT_CONVERSION = YES_AGGRESSIVE;
				CLANG_CXX_LANGUAGE_STANDARD = "gnu++17";
				CLANG_ENABLE_MODULES = YES;
				CLANG_ENABLE_OBJC_ARC = YES;
				CLANG_ENABLE_OBJC_WEAK = YES;
				CLANG_WARN_BLOCK_CAPTURE_AUTORELEASING = YES;
				CLANG_WARN_BOOL_CONVERSION = YES;
				CLANG_WARN_COMMA = YES;
				CLANG_WARN_CONSTANT_CONVERSION = YES;
				CLANG_WARN_DEPRECATED_OBJC_IMPLEMENTATIONS = YES;
				CLANG_WARN_DIRECT_OBJC_ISA_USAGE = YES_ERROR;
				CLANG_WARN_DOCUMENTATION_COMMENTS = YES;
				CLANG_WARN_EMPTY_BODY = YES;
				CLANG_WARN_ENUM_CONVERSION = YES;
				CLANG_WARN_INFINITE_RECURSION = YES;
				CLANG_WARN_INT_CONVERSION = YES;
				CLANG_WARN_NON_LITERAL_NULL_CONVERSION = YES;
				CLANG_WARN_OBJC_IMPLICIT_RETAIN_SELF = YES;
				CLANG_WARN_OBJC_LITERAL_CONVERSION = YES;
				CLANG_WARN_OBJC_ROOT_CLASS = YES_ERROR;
				CLANG_WARN_QUOTED_INCLUDE_IN_FRAMEWORK_HEADER = YES;
				CLANG_WARN_RANGE_LOOP_ANALYSIS = YES;
				CLANG_WARN_STRICT_PROTOTYPES = YES;
				CLANG_WARN_SUSPICIOUS_MOVE = YES;
				CLANG_WARN_UNGUARDED_AVAILABILITY = YES_AGGRESSIVE;
				CLANG_WARN_UNREACHABLE_CODE = YES;
				CLANG_WARN__DUPLICATE_METHOD_MATCH = YES;
				COPY_PHASE_STRIP = NO;
				DEBUG_INFORMATION_FORMAT = dwarf;
				ENABLE_STRICT_OBJC_MSGSEND = YES;
				ENABLE_TESTABILITY = YES;
				GCC_C_LANGUAGE_STANDARD = gnu11;
				GCC_DYNAMIC_NO_PIC = NO;
				GCC_NO_COMMON_BLOCKS = YES;
				GCC_OPTIMIZATION_LEVEL = 0;
				GCC_PREPROCESSOR_DEFINITIONS = (
					"DEBUG=1",
					"$(inherited)",
				);
				GCC_WARN_64_TO_32_BIT_CONVERSION = YES;
				GCC_WARN_ABOUT_RETURN_TYPE = YES_ERROR;
				GCC_WARN_UNDECLARED_SELECTOR = YES;
				GCC_WARN_UNINITIALIZED_AUTOS = YES_AGGRESSIVE;
				GCC_WARN_UNUSED_FUNCTION = YES;
				GCC_WARN_UNUSED_VARIABLE = YES;
				IPHONEOS_DEPLOYMENT_TARGET = 15.4;
				MTL_ENABLE_DEBUG_INFO = INCLUDE_SOURCE;
				MTL_FAST_MATH = YES;
				ONLY_ACTIVE_ARCH = YES;
				SDKROOT = iphoneos;
				SWIFT_ACTIVE_COMPILATION_CONDITIONS = DEBUG;
				SWIFT_OPTIMIZATION_LEVEL = "-Onone";
			};
			name = Debug;
		};
		F6277324281C13EB00C3DF4B /* Release */ = {
			isa = XCBuildConfiguration;
			buildSettings = {
				ALWAYS_SEARCH_USER_PATHS = NO;
				CLANG_ANALYZER_NONNULL = YES;
				CLANG_ANALYZER_NUMBER_OBJECT_CONVERSION = YES_AGGRESSIVE;
				CLANG_CXX_LANGUAGE_STANDARD = "gnu++17";
				CLANG_ENABLE_MODULES = YES;
				CLANG_ENABLE_OBJC_ARC = YES;
				CLANG_ENABLE_OBJC_WEAK = YES;
				CLANG_WARN_BLOCK_CAPTURE_AUTORELEASING = YES;
				CLANG_WARN_BOOL_CONVERSION = YES;
				CLANG_WARN_COMMA = YES;
				CLANG_WARN_CONSTANT_CONVERSION = YES;
				CLANG_WARN_DEPRECATED_OBJC_IMPLEMENTATIONS = YES;
				CLANG_WARN_DIRECT_OBJC_ISA_USAGE = YES_ERROR;
				CLANG_WARN_DOCUMENTATION_COMMENTS = YES;
				CLANG_WARN_EMPTY_BODY = YES;
				CLANG_WARN_ENUM_CONVERSION = YES;
				CLANG_WARN_INFINITE_RECURSION = YES;
				CLANG_WARN_INT_CONVERSION = YES;
				CLANG_WARN_NON_LITERAL_NULL_CONVERSION = YES;
				CLANG_WARN_OBJC_IMPLICIT_RETAIN_SELF = YES;
				CLANG_WARN_OBJC_LITERAL_CONVERSION = YES;
				CLANG_WARN_OBJC_ROOT_CLASS = YES_ERROR;
				CLANG_WARN_QUOTED_INCLUDE_IN_FRAMEWORK_HEADER = YES;
				CLANG_WARN_RANGE_LOOP_ANALYSIS = YES;
				CLANG_WARN_STRICT_PROTOTYPES = YES;
				CLANG_WARN_SUSPICIOUS_MOVE = YES;
				CLANG_WARN_UNGUARDED_AVAILABILITY = YES_AGGRESSIVE;
				CLANG_WARN_UNREACHABLE_CODE = YES;
				CLANG_WARN__DUPLICATE_METHOD_MATCH = YES;
				COPY_PHASE_STRIP = NO;
				DEBUG_INFORMATION_FORMAT = "dwarf-with-dsym";
				ENABLE_NS_ASSERTIONS = NO;
				ENABLE_STRICT_OBJC_MSGSEND = YES;
				GCC_C_LANGUAGE_STANDARD = gnu11;
				GCC_NO_COMMON_BLOCKS = YES;
				GCC_WARN_64_TO_32_BIT_CONVERSION = YES;
				GCC_WARN_ABOUT_RETURN_TYPE = YES_ERROR;
				GCC_WARN_UNDECLARED_SELECTOR = YES;
				GCC_WARN_UNINITIALIZED_AUTOS = YES_AGGRESSIVE;
				GCC_WARN_UNUSED_FUNCTION = YES;
				GCC_WARN_UNUSED_VARIABLE = YES;
				IPHONEOS_DEPLOYMENT_TARGET = 15.4;
				MTL_ENABLE_DEBUG_INFO = NO;
				MTL_FAST_MATH = YES;
				SDKROOT = iphoneos;
				SWIFT_COMPILATION_MODE = wholemodule;
				SWIFT_OPTIMIZATION_LEVEL = "-O";
				VALIDATE_PRODUCT = YES;
			};
			name = Release;
		};
		F6277326281C13EB00C3DF4B /* Debug */ = {
			isa = XCBuildConfiguration;
			buildSettings = {
				ASSETCATALOG_COMPILER_APPICON_NAME = AppIcon;
				ASSETCATALOG_COMPILER_GLOBAL_ACCENT_COLOR_NAME = AccentColor;
				CODE_SIGN_STYLE = Automatic;
				CURRENT_PROJECT_VERSION = 1;
				DEVELOPMENT_ASSET_PATHS = "\"CustomTabBar_SwiftUI/Preview Content\"";
				DEVELOPMENT_TEAM = LWVBT323AX;
				ENABLE_PREVIEWS = YES;
				GENERATE_INFOPLIST_FILE = YES;
				INFOPLIST_KEY_UIApplicationSceneManifest_Generation = YES;
				INFOPLIST_KEY_UIApplicationSupportsIndirectInputEvents = YES;
				INFOPLIST_KEY_UILaunchScreen_Generation = YES;
				INFOPLIST_KEY_UISupportedInterfaceOrientations_iPad = "UIInterfaceOrientationPortrait UIInterfaceOrientationPortraitUpsideDown UIInterfaceOrientationLandscapeLeft UIInterfaceOrientationLandscapeRight";
				INFOPLIST_KEY_UISupportedInterfaceOrientations_iPhone = "UIInterfaceOrientationPortrait UIInterfaceOrientationLandscapeLeft UIInterfaceOrientationLandscapeRight";
				LD_RUNPATH_SEARCH_PATHS = (
					"$(inherited)",
					"@executable_path/Frameworks",
				);
				MARKETING_VERSION = 1.0;
				PRODUCT_BUNDLE_IDENTIFIER = "NotYet.CustomTabBar-SwiftUI";
				PRODUCT_NAME = "$(TARGET_NAME)";
				SWIFT_EMIT_LOC_STRINGS = YES;
				SWIFT_VERSION = 5.0;
				TARGETED_DEVICE_FAMILY = "1,2";
			};
			name = Debug;
		};
		F6277327281C13EB00C3DF4B /* Release */ = {
			isa = XCBuildConfiguration;
			buildSettings = {
				ASSETCATALOG_COMPILER_APPICON_NAME = AppIcon;
				ASSETCATALOG_COMPILER_GLOBAL_ACCENT_COLOR_NAME = AccentColor;
				CODE_SIGN_STYLE = Automatic;
				CURRENT_PROJECT_VERSION = 1;
				DEVELOPMENT_ASSET_PATHS = "\"CustomTabBar_SwiftUI/Preview Content\"";
				DEVELOPMENT_TEAM = LWVBT323AX;
				ENABLE_PREVIEWS = YES;
				GENERATE_INFOPLIST_FILE = YES;
				INFOPLIST_KEY_UIApplicationSceneManifest_Generation = YES;
				INFOPLIST_KEY_UIApplicationSupportsIndirectInputEvents = YES;
				INFOPLIST_KEY_UILaunchScreen_Generation = YES;
				INFOPLIST_KEY_UISupportedInterfaceOrientations_iPad = "UIInterfaceOrientationPortrait UIInterfaceOrientationPortraitUpsideDown UIInterfaceOrientationLandscapeLeft UIInterfaceOrientationLandscapeRight";
				INFOPLIST_KEY_UISupportedInterfaceOrientations_iPhone = "UIInterfaceOrientationPortrait UIInterfaceOrientationLandscapeLeft UIInterfaceOrientationLandscapeRight";
				LD_RUNPATH_SEARCH_PATHS = (
					"$(inherited)",
					"@executable_path/Frameworks",
				);
				MARKETING_VERSION = 1.0;
				PRODUCT_BUNDLE_IDENTIFIER = "NotYet.CustomTabBar-SwiftUI";
				PRODUCT_NAME = "$(TARGET_NAME)";
				SWIFT_EMIT_LOC_STRINGS = YES;
				SWIFT_VERSION = 5.0;
				TARGETED_DEVICE_FAMILY = "1,2";
			};
			name = Release;
		};
/* End XCBuildConfiguration section */

/* Begin XCConfigurationList section */
		F627730D281C13E300C3DF4B /* Build configuration list for PBXProject "CustomTabBar_SwiftUI" */ = {
			isa = XCConfigurationList;
			buildConfigurations = (
				F6277323281C13EB00C3DF4B /* Debug */,
				F6277324281C13EB00C3DF4B /* Release */,
			);
			defaultConfigurationIsVisible = 0;
			defaultConfigurationName = Release;
		};
		F6277325281C13EB00C3DF4B /* Build configuration list for PBXNativeTarget "CustomTabBar_SwiftUI" */ = {
			isa = XCConfigurationList;
			buildConfigurations = (
				F6277326281C13EB00C3DF4B /* Debug */,
				F6277327281C13EB00C3DF4B /* Release */,
			);
			defaultConfigurationIsVisible = 0;
			defaultConfigurationName = Release;
		};
/* End XCConfigurationList section */

/* Begin XCVersionGroup section */
		F6277320281C13EB00C3DF4B /* CustomTabBar_SwiftUI.xcdatamodeld */ = {
			isa = XCVersionGroup;
			children = (
				F6277321281C13EB00C3DF4B /* CustomTabBar_SwiftUI.xcdatamodel */,
			);
			currentVersion = F6277321281C13EB00C3DF4B /* CustomTabBar_SwiftUI.xcdatamodel */;
			path = CustomTabBar_SwiftUI.xcdatamodeld;
			sourceTree = "<group>";
			versionGroupType = wrapper.xcdatamodel;
		};
/* End XCVersionGroup section */
	};
	rootObject = F627730A281C13E300C3DF4B /* Project object */;
}
